// !$*UTF8*$!
{
	archiveVersion = 1;
	classes = {
	};
	objectVersion = 55;
	objects = {

/* Begin PBXBuildFile section */
		0247433D2771366B00933EEE /* CardRepository.swift in Sources */ = {isa = PBXBuildFile; fileRef = 0247433C2771366B00933EEE /* CardRepository.swift */; };
		0247433F2771384D00933EEE /* CardListViewModel.swift in Sources */ = {isa = PBXBuildFile; fileRef = 0247433E2771384D00933EEE /* CardListViewModel.swift */; };
		0247434127713E8300933EEE /* CardViewModel.swift in Sources */ = {isa = PBXBuildFile; fileRef = 0247434027713E8300933EEE /* CardViewModel.swift */; };
		0247434327725AD900933EEE /* AuthenticationService.swift in Sources */ = {isa = PBXBuildFile; fileRef = 0247434227725AD900933EEE /* AuthenticationService.swift */; };
		024743462773DAE300933EEE /* Secrets.swift in Sources */ = {isa = PBXBuildFile; fileRef = 024743452773DAE300933EEE /* Secrets.swift */; };
		0247434E2773DE8E00933EEE /* WidgetKit.framework in Frameworks */ = {isa = PBXBuildFile; fileRef = 0247434D2773DE8E00933EEE /* WidgetKit.framework */; };
		024743502773DE8E00933EEE /* SwiftUI.framework in Frameworks */ = {isa = PBXBuildFile; fileRef = 0247434F2773DE8E00933EEE /* SwiftUI.framework */; };
		024743532773DE8E00933EEE /* WidgetCards.swift in Sources */ = {isa = PBXBuildFile; fileRef = 024743522773DE8E00933EEE /* WidgetCards.swift */; };
		024743562773DE9000933EEE /* Assets.xcassets in Resources */ = {isa = PBXBuildFile; fileRef = 024743552773DE9000933EEE /* Assets.xcassets */; };
		024743582773DE9000933EEE /* WidgetCards.intentdefinition in Sources */ = {isa = PBXBuildFile; fileRef = 024743542773DE8E00933EEE /* WidgetCards.intentdefinition */; };
		024743592773DE9000933EEE /* WidgetCards.intentdefinition in Sources */ = {isa = PBXBuildFile; fileRef = 024743542773DE8E00933EEE /* WidgetCards.intentdefinition */; };
		0247435C2773DE9000933EEE /* WidgetCardsExtension.appex in Embed App Extensions */ = {isa = PBXBuildFile; fileRef = 0247434B2773DE8E00933EEE /* WidgetCardsExtension.appex */; settings = {ATTRIBUTES = (RemoveHeadersOnCopy, ); }; };
		024743612773DEAB00933EEE /* Secrets.swift in Sources */ = {isa = PBXBuildFile; fileRef = 024743452773DAE300933EEE /* Secrets.swift */; };
		024743632773E20B00933EEE /* FirebaseAuth in Frameworks */ = {isa = PBXBuildFile; productRef = 024743622773E20B00933EEE /* FirebaseAuth */; };
		024743652773E20B00933EEE /* FirebaseFirestore in Frameworks */ = {isa = PBXBuildFile; productRef = 024743642773E20B00933EEE /* FirebaseFirestore */; };
		024743672773FBFD00933EEE /* GoogleService-Info.plist in Resources */ = {isa = PBXBuildFile; fileRef = 02DAA10E27711F80006A5F6C /* GoogleService-Info.plist */; };
		02474369277A6B5600933EEE /* CardCell.swift in Sources */ = {isa = PBXBuildFile; fileRef = 02474368277A6B5500933EEE /* CardCell.swift */; };
		0247436B277BF8FB00933EEE /* Constants.swift in Sources */ = {isa = PBXBuildFile; fileRef = 0247436A277BF8FA00933EEE /* Constants.swift */; };
		02DAA0FF27711836006A5F6C /* StudyCardsApp.swift in Sources */ = {isa = PBXBuildFile; fileRef = 02DAA0FE27711836006A5F6C /* StudyCardsApp.swift */; };
		02DAA10127711836006A5F6C /* ContentView.swift in Sources */ = {isa = PBXBuildFile; fileRef = 02DAA10027711836006A5F6C /* ContentView.swift */; };
		02DAA10327711837006A5F6C /* Assets.xcassets in Resources */ = {isa = PBXBuildFile; fileRef = 02DAA10227711837006A5F6C /* Assets.xcassets */; };
		02DAA10627711837006A5F6C /* Preview Assets.xcassets in Resources */ = {isa = PBXBuildFile; fileRef = 02DAA10527711837006A5F6C /* Preview Assets.xcassets */; };
		02DAA10F27711F80006A5F6C /* GoogleService-Info.plist in Resources */ = {isa = PBXBuildFile; fileRef = 02DAA10E27711F80006A5F6C /* GoogleService-Info.plist */; };
		02DAA11227712035006A5F6C /* FirebaseAnalytics in Frameworks */ = {isa = PBXBuildFile; productRef = 02DAA11127712035006A5F6C /* FirebaseAnalytics */; };
		02DAA11427712035006A5F6C /* FirebaseAuth in Frameworks */ = {isa = PBXBuildFile; productRef = 02DAA11327712035006A5F6C /* FirebaseAuth */; };
		02DAA11627712035006A5F6C /* FirebaseAuthCombine-Community in Frameworks */ = {isa = PBXBuildFile; productRef = 02DAA11527712035006A5F6C /* FirebaseAuthCombine-Community */; };
		02DAA11827712035006A5F6C /* FirebaseDatabase in Frameworks */ = {isa = PBXBuildFile; productRef = 02DAA11727712035006A5F6C /* FirebaseDatabase */; };
		02DAA11A27712035006A5F6C /* FirebaseDatabaseSwift-Beta in Frameworks */ = {isa = PBXBuildFile; productRef = 02DAA11927712035006A5F6C /* FirebaseDatabaseSwift-Beta */; };
		02DAA11C27712035006A5F6C /* FirebaseFirestore in Frameworks */ = {isa = PBXBuildFile; productRef = 02DAA11B27712035006A5F6C /* FirebaseFirestore */; };
		02DAA11E27712035006A5F6C /* FirebaseFirestoreSwift-Beta in Frameworks */ = {isa = PBXBuildFile; productRef = 02DAA11D27712035006A5F6C /* FirebaseFirestoreSwift-Beta */; };
		02DAA12027712035006A5F6C /* FirebaseStorage in Frameworks */ = {isa = PBXBuildFile; productRef = 02DAA11F27712035006A5F6C /* FirebaseStorage */; };
		02DAA12227712035006A5F6C /* FirebaseStorageCombine-Community in Frameworks */ = {isa = PBXBuildFile; productRef = 02DAA12127712035006A5F6C /* FirebaseStorageCombine-Community */; };
		02DAA12427712035006A5F6C /* FirebaseStorageSwift-Beta in Frameworks */ = {isa = PBXBuildFile; productRef = 02DAA12327712035006A5F6C /* FirebaseStorageSwift-Beta */; };
		02DAA13027712E25006A5F6C /* Card.swift in Sources */ = {isa = PBXBuildFile; fileRef = 02DAA12F27712E25006A5F6C /* Card.swift */; };
		02DAA13427713005006A5F6C /* CardListView.swift in Sources */ = {isa = PBXBuildFile; fileRef = 02DAA13327713005006A5F6C /* CardListView.swift */; };
		02DAA13627713074006A5F6C /* NewCardForm.swift in Sources */ = {isa = PBXBuildFile; fileRef = 02DAA13527713074006A5F6C /* NewCardForm.swift */; };
		02DAA138277130D5006A5F6C /* CardView.swift in Sources */ = {isa = PBXBuildFile; fileRef = 02DAA137277130D5006A5F6C /* CardView.swift */; };
		02E1754A277E4D2300EFDB01 /* SettingsView.swift in Sources */ = {isa = PBXBuildFile; fileRef = 02E17549277E4D2300EFDB01 /* SettingsView.swift */; };
		02E1754C277E4D3300EFDB01 /* SettingsViewModel.swift in Sources */ = {isa = PBXBuildFile; fileRef = 02E1754B277E4D3300EFDB01 /* SettingsViewModel.swift */; };
/* End PBXBuildFile section */

/* Begin PBXContainerItemProxy section */
		0247435A2773DE9000933EEE /* PBXContainerItemProxy */ = {
			isa = PBXContainerItemProxy;
			containerPortal = 02DAA0F327711836006A5F6C /* Project object */;
			proxyType = 1;
			remoteGlobalIDString = 0247434A2773DE8E00933EEE;
			remoteInfo = WidgetCardsExtension;
		};
/* End PBXContainerItemProxy section */

/* Begin PBXCopyFilesBuildPhase section */
		024743602773DE9000933EEE /* Embed App Extensions */ = {
			isa = PBXCopyFilesBuildPhase;
			buildActionMask = 2147483647;
			dstPath = "";
			dstSubfolderSpec = 13;
			files = (
				0247435C2773DE9000933EEE /* WidgetCardsExtension.appex in Embed App Extensions */,
			);
			name = "Embed App Extensions";
			runOnlyForDeploymentPostprocessing = 0;
		};
/* End PBXCopyFilesBuildPhase section */

/* Begin PBXFileReference section */
		0247433C2771366B00933EEE /* CardRepository.swift */ = {isa = PBXFileReference; lastKnownFileType = sourcecode.swift; path = CardRepository.swift; sourceTree = "<group>"; };
		0247433E2771384D00933EEE /* CardListViewModel.swift */ = {isa = PBXFileReference; lastKnownFileType = sourcecode.swift; path = CardListViewModel.swift; sourceTree = "<group>"; };
		0247434027713E8300933EEE /* CardViewModel.swift */ = {isa = PBXFileReference; lastKnownFileType = sourcecode.swift; path = CardViewModel.swift; sourceTree = "<group>"; };
		0247434227725AD900933EEE /* AuthenticationService.swift */ = {isa = PBXFileReference; lastKnownFileType = sourcecode.swift; path = AuthenticationService.swift; sourceTree = "<group>"; };
		024743442773BA7800933EEE /* StudyCards.entitlements */ = {isa = PBXFileReference; lastKnownFileType = text.plist.entitlements; path = StudyCards.entitlements; sourceTree = "<group>"; };
		024743452773DAE300933EEE /* Secrets.swift */ = {isa = PBXFileReference; lastKnownFileType = sourcecode.swift; path = Secrets.swift; sourceTree = "<group>"; };
		0247434B2773DE8E00933EEE /* WidgetCardsExtension.appex */ = {isa = PBXFileReference; explicitFileType = "wrapper.app-extension"; includeInIndex = 0; path = WidgetCardsExtension.appex; sourceTree = BUILT_PRODUCTS_DIR; };
		0247434D2773DE8E00933EEE /* WidgetKit.framework */ = {isa = PBXFileReference; lastKnownFileType = wrapper.framework; name = WidgetKit.framework; path = System/Library/Frameworks/WidgetKit.framework; sourceTree = SDKROOT; };
		0247434F2773DE8E00933EEE /* SwiftUI.framework */ = {isa = PBXFileReference; lastKnownFileType = wrapper.framework; name = SwiftUI.framework; path = System/Library/Frameworks/SwiftUI.framework; sourceTree = SDKROOT; };
		024743522773DE8E00933EEE /* WidgetCards.swift */ = {isa = PBXFileReference; lastKnownFileType = sourcecode.swift; path = WidgetCards.swift; sourceTree = "<group>"; };
		024743542773DE8E00933EEE /* WidgetCards.intentdefinition */ = {isa = PBXFileReference; lastKnownFileType = file.intentdefinition; path = WidgetCards.intentdefinition; sourceTree = "<group>"; };
		024743552773DE9000933EEE /* Assets.xcassets */ = {isa = PBXFileReference; lastKnownFileType = folder.assetcatalog; path = Assets.xcassets; sourceTree = "<group>"; };
		024743572773DE9000933EEE /* Info.plist */ = {isa = PBXFileReference; lastKnownFileType = text.plist.xml; path = Info.plist; sourceTree = "<group>"; };
		024743662773F5F100933EEE /* WidgetCardsExtension.entitlements */ = {isa = PBXFileReference; lastKnownFileType = text.plist.entitlements; path = WidgetCardsExtension.entitlements; sourceTree = "<group>"; };
		02474368277A6B5500933EEE /* CardCell.swift */ = {isa = PBXFileReference; lastKnownFileType = sourcecode.swift; path = CardCell.swift; sourceTree = "<group>"; };
		0247436A277BF8FA00933EEE /* Constants.swift */ = {isa = PBXFileReference; lastKnownFileType = sourcecode.swift; path = Constants.swift; sourceTree = "<group>"; };
		02DAA0FB27711836006A5F6C /* StudyCards.app */ = {isa = PBXFileReference; explicitFileType = wrapper.application; includeInIndex = 0; path = StudyCards.app; sourceTree = BUILT_PRODUCTS_DIR; };
		02DAA0FE27711836006A5F6C /* StudyCardsApp.swift */ = {isa = PBXFileReference; lastKnownFileType = sourcecode.swift; path = StudyCardsApp.swift; sourceTree = "<group>"; };
		02DAA10027711836006A5F6C /* ContentView.swift */ = {isa = PBXFileReference; lastKnownFileType = sourcecode.swift; path = ContentView.swift; sourceTree = "<group>"; };
		02DAA10227711837006A5F6C /* Assets.xcassets */ = {isa = PBXFileReference; lastKnownFileType = folder.assetcatalog; path = Assets.xcassets; sourceTree = "<group>"; };
		02DAA10527711837006A5F6C /* Preview Assets.xcassets */ = {isa = PBXFileReference; lastKnownFileType = folder.assetcatalog; path = "Preview Assets.xcassets"; sourceTree = "<group>"; };
		02DAA10E27711F80006A5F6C /* GoogleService-Info.plist */ = {isa = PBXFileReference; fileEncoding = 4; lastKnownFileType = text.plist.xml; path = "GoogleService-Info.plist"; sourceTree = "<group>"; };
		02DAA12F27712E25006A5F6C /* Card.swift */ = {isa = PBXFileReference; lastKnownFileType = sourcecode.swift; path = Card.swift; sourceTree = "<group>"; };
		02DAA13327713005006A5F6C /* CardListView.swift */ = {isa = PBXFileReference; lastKnownFileType = sourcecode.swift; path = CardListView.swift; sourceTree = "<group>"; };
		02DAA13527713074006A5F6C /* NewCardForm.swift */ = {isa = PBXFileReference; lastKnownFileType = sourcecode.swift; path = NewCardForm.swift; sourceTree = "<group>"; };
		02DAA137277130D5006A5F6C /* CardView.swift */ = {isa = PBXFileReference; lastKnownFileType = sourcecode.swift; path = CardView.swift; sourceTree = "<group>"; };
		02E17549277E4D2300EFDB01 /* SettingsView.swift */ = {isa = PBXFileReference; lastKnownFileType = sourcecode.swift; path = SettingsView.swift; sourceTree = "<group>"; };
		02E1754B277E4D3300EFDB01 /* SettingsViewModel.swift */ = {isa = PBXFileReference; lastKnownFileType = sourcecode.swift; path = SettingsViewModel.swift; sourceTree = "<group>"; };
/* End PBXFileReference section */

/* Begin PBXFrameworksBuildPhase section */
		024743482773DE8E00933EEE /* Frameworks */ = {
			isa = PBXFrameworksBuildPhase;
			buildActionMask = 2147483647;
			files = (
				024743502773DE8E00933EEE /* SwiftUI.framework in Frameworks */,
				024743652773E20B00933EEE /* FirebaseFirestore in Frameworks */,
				024743632773E20B00933EEE /* FirebaseAuth in Frameworks */,
				0247434E2773DE8E00933EEE /* WidgetKit.framework in Frameworks */,
			);
			runOnlyForDeploymentPostprocessing = 0;
		};
		02DAA0F827711836006A5F6C /* Frameworks */ = {
			isa = PBXFrameworksBuildPhase;
			buildActionMask = 2147483647;
			files = (
				02DAA11A27712035006A5F6C /* FirebaseDatabaseSwift-Beta in Frameworks */,
				02DAA11227712035006A5F6C /* FirebaseAnalytics in Frameworks */,
				02DAA11E27712035006A5F6C /* FirebaseFirestoreSwift-Beta in Frameworks */,
				02DAA11627712035006A5F6C /* FirebaseAuthCombine-Community in Frameworks */,
				02DAA11827712035006A5F6C /* FirebaseDatabase in Frameworks */,
				02DAA12427712035006A5F6C /* FirebaseStorageSwift-Beta in Frameworks */,
				02DAA12027712035006A5F6C /* FirebaseStorage in Frameworks */,
				02DAA11427712035006A5F6C /* FirebaseAuth in Frameworks */,
				02DAA12227712035006A5F6C /* FirebaseStorageCombine-Community in Frameworks */,
				02DAA11C27712035006A5F6C /* FirebaseFirestore in Frameworks */,
			);
			runOnlyForDeploymentPostprocessing = 0;
		};
/* End PBXFrameworksBuildPhase section */

/* Begin PBXGroup section */
		0247434C2773DE8E00933EEE /* Frameworks */ = {
			isa = PBXGroup;
			children = (
				0247434D2773DE8E00933EEE /* WidgetKit.framework */,
				0247434F2773DE8E00933EEE /* SwiftUI.framework */,
			);
			name = Frameworks;
			sourceTree = "<group>";
		};
		024743512773DE8E00933EEE /* WidgetCards */ = {
			isa = PBXGroup;
			children = (
				024743522773DE8E00933EEE /* WidgetCards.swift */,
				024743542773DE8E00933EEE /* WidgetCards.intentdefinition */,
				024743552773DE9000933EEE /* Assets.xcassets */,
				024743572773DE9000933EEE /* Info.plist */,
			);
			path = WidgetCards;
			sourceTree = "<group>";
		};
		02DAA0F227711836006A5F6C = {
			isa = PBXGroup;
			children = (
				02DAA0FD27711836006A5F6C /* StudyCards */,
				024743512773DE8E00933EEE /* WidgetCards */,
				0247434C2773DE8E00933EEE /* Frameworks */,
				02DAA0FC27711836006A5F6C /* Products */,
			);
			sourceTree = "<group>";
		};
		02DAA0FC27711836006A5F6C /* Products */ = {
			isa = PBXGroup;
			children = (
				02DAA0FB27711836006A5F6C /* StudyCards.app */,
				0247434B2773DE8E00933EEE /* WidgetCardsExtension.appex */,
			);
			name = Products;
			sourceTree = "<group>";
		};
		02DAA0FD27711836006A5F6C /* StudyCards */ = {
			isa = PBXGroup;
			children = (
				024743662773F5F100933EEE /* WidgetCardsExtension.entitlements */,
				024743442773BA7800933EEE /* StudyCards.entitlements */,
				02DAA12527712955006A5F6C /* Services */,
				02DAA1262771295B006A5F6C /* Repo */,
				02DAA12727712964006A5F6C /* ViewModels */,
				02DAA1282771296C006A5F6C /* Views */,
				02DAA12A2771299C006A5F6C /* Models */,
				02DAA10E27711F80006A5F6C /* GoogleService-Info.plist */,
				02DAA0FE27711836006A5F6C /* StudyCardsApp.swift */,
				02DAA10027711836006A5F6C /* ContentView.swift */,
				02DAA10227711837006A5F6C /* Assets.xcassets */,
				02DAA10427711837006A5F6C /* Preview Content */,
				024743452773DAE300933EEE /* Secrets.swift */,
			);
			path = StudyCards;
			sourceTree = "<group>";
		};
		02DAA10427711837006A5F6C /* Preview Content */ = {
			isa = PBXGroup;
			children = (
				02DAA10527711837006A5F6C /* Preview Assets.xcassets */,
			);
			path = "Preview Content";
			sourceTree = "<group>";
		};
		02DAA12527712955006A5F6C /* Services */ = {
			isa = PBXGroup;
			children = (
				0247434227725AD900933EEE /* AuthenticationService.swift */,
				0247436A277BF8FA00933EEE /* Constants.swift */,
			);
			path = Services;
			sourceTree = "<group>";
		};
		02DAA1262771295B006A5F6C /* Repo */ = {
			isa = PBXGroup;
			children = (
				0247433C2771366B00933EEE /* CardRepository.swift */,
			);
			path = Repo;
			sourceTree = "<group>";
		};
		02DAA12727712964006A5F6C /* ViewModels */ = {
			isa = PBXGroup;
			children = (
				0247433E2771384D00933EEE /* CardListViewModel.swift */,
				0247434027713E8300933EEE /* CardViewModel.swift */,
				02E1754B277E4D3300EFDB01 /* SettingsViewModel.swift */,
			);
			path = ViewModels;
			sourceTree = "<group>";
		};
		02DAA1282771296C006A5F6C /* Views */ = {
			isa = PBXGroup;
			children = (
				02DAA12927712974006A5F6C /* Cards */,
			);
			path = Views;
			sourceTree = "<group>";
		};
		02DAA12927712974006A5F6C /* Cards */ = {
			isa = PBXGroup;
			children = (
				02DAA13327713005006A5F6C /* CardListView.swift */,
				02DAA13527713074006A5F6C /* NewCardForm.swift */,
				02DAA137277130D5006A5F6C /* CardView.swift */,
				02474368277A6B5500933EEE /* CardCell.swift */,
				02E17549277E4D2300EFDB01 /* SettingsView.swift */,
			);
			path = Cards;
			sourceTree = "<group>";
		};
		02DAA12A2771299C006A5F6C /* Models */ = {
			isa = PBXGroup;
			children = (
				02DAA12F27712E25006A5F6C /* Card.swift */,
			);
			path = Models;
			sourceTree = "<group>";
		};
/* End PBXGroup section */

/* Begin PBXNativeTarget section */
		0247434A2773DE8E00933EEE /* WidgetCardsExtension */ = {
			isa = PBXNativeTarget;
			buildConfigurationList = 0247435D2773DE9000933EEE /* Build configuration list for PBXNativeTarget "WidgetCardsExtension" */;
			buildPhases = (
				024743472773DE8E00933EEE /* Sources */,
				024743482773DE8E00933EEE /* Frameworks */,
				024743492773DE8E00933EEE /* Resources */,
			);
			buildRules = (
			);
			dependencies = (
			);
			name = WidgetCardsExtension;
			packageProductDependencies = (
				024743622773E20B00933EEE /* FirebaseAuth */,
				024743642773E20B00933EEE /* FirebaseFirestore */,
			);
			productName = WidgetCardsExtension;
			productReference = 0247434B2773DE8E00933EEE /* WidgetCardsExtension.appex */;
			productType = "com.apple.product-type.app-extension";
		};
		02DAA0FA27711836006A5F6C /* StudyCards */ = {
			isa = PBXNativeTarget;
			buildConfigurationList = 02DAA10927711837006A5F6C /* Build configuration list for PBXNativeTarget "StudyCards" */;
			buildPhases = (
				02DAA0F727711836006A5F6C /* Sources */,
				02DAA0F827711836006A5F6C /* Frameworks */,
				02DAA0F927711836006A5F6C /* Resources */,
				024743602773DE9000933EEE /* Embed App Extensions */,
			);
			buildRules = (
			);
			dependencies = (
				0247435B2773DE9000933EEE /* PBXTargetDependency */,
			);
			name = StudyCards;
			packageProductDependencies = (
				02DAA11127712035006A5F6C /* FirebaseAnalytics */,
				02DAA11327712035006A5F6C /* FirebaseAuth */,
				02DAA11527712035006A5F6C /* FirebaseAuthCombine-Community */,
				02DAA11727712035006A5F6C /* FirebaseDatabase */,
				02DAA11927712035006A5F6C /* FirebaseDatabaseSwift-Beta */,
				02DAA11B27712035006A5F6C /* FirebaseFirestore */,
				02DAA11D27712035006A5F6C /* FirebaseFirestoreSwift-Beta */,
				02DAA11F27712035006A5F6C /* FirebaseStorage */,
				02DAA12127712035006A5F6C /* FirebaseStorageCombine-Community */,
				02DAA12327712035006A5F6C /* FirebaseStorageSwift-Beta */,
			);
			productName = StudyCards;
			productReference = 02DAA0FB27711836006A5F6C /* StudyCards.app */;
			productType = "com.apple.product-type.application";
		};
/* End PBXNativeTarget section */

/* Begin PBXProject section */
		02DAA0F327711836006A5F6C /* Project object */ = {
			isa = PBXProject;
			attributes = {
				BuildIndependentTargetsInParallel = 1;
				LastSwiftUpdateCheck = 1320;
				LastUpgradeCheck = 1320;
				TargetAttributes = {
					0247434A2773DE8E00933EEE = {
						CreatedOnToolsVersion = 13.2.1;
					};
					02DAA0FA27711836006A5F6C = {
						CreatedOnToolsVersion = 13.2.1;
					};
				};
			};
			buildConfigurationList = 02DAA0F627711836006A5F6C /* Build configuration list for PBXProject "StudyCards" */;
			compatibilityVersion = "Xcode 13.0";
			developmentRegion = en;
			hasScannedForEncodings = 0;
			knownRegions = (
				en,
				Base,
			);
			mainGroup = 02DAA0F227711836006A5F6C;
			packageReferences = (
				02DAA11027712035006A5F6C /* XCRemoteSwiftPackageReference "firebase-ios-sdk" */,
			);
			productRefGroup = 02DAA0FC27711836006A5F6C /* Products */;
			projectDirPath = "";
			projectRoot = "";
			targets = (
				02DAA0FA27711836006A5F6C /* StudyCards */,
				0247434A2773DE8E00933EEE /* WidgetCardsExtension */,
			);
		};
/* End PBXProject section */

/* Begin PBXResourcesBuildPhase section */
		024743492773DE8E00933EEE /* Resources */ = {
			isa = PBXResourcesBuildPhase;
			buildActionMask = 2147483647;
			files = (
				024743562773DE9000933EEE /* Assets.xcassets in Resources */,
				024743672773FBFD00933EEE /* GoogleService-Info.plist in Resources */,
			);
			runOnlyForDeploymentPostprocessing = 0;
		};
		02DAA0F927711836006A5F6C /* Resources */ = {
			isa = PBXResourcesBuildPhase;
			buildActionMask = 2147483647;
			files = (
				02DAA10627711837006A5F6C /* Preview Assets.xcassets in Resources */,
				02DAA10327711837006A5F6C /* Assets.xcassets in Resources */,
				02DAA10F27711F80006A5F6C /* GoogleService-Info.plist in Resources */,
			);
			runOnlyForDeploymentPostprocessing = 0;
		};
/* End PBXResourcesBuildPhase section */

/* Begin PBXSourcesBuildPhase section */
		024743472773DE8E00933EEE /* Sources */ = {
			isa = PBXSourcesBuildPhase;
			buildActionMask = 2147483647;
			files = (
				024743582773DE9000933EEE /* WidgetCards.intentdefinition in Sources */,
				024743612773DEAB00933EEE /* Secrets.swift in Sources */,
				024743532773DE8E00933EEE /* WidgetCards.swift in Sources */,
			);
			runOnlyForDeploymentPostprocessing = 0;
		};
		02DAA0F727711836006A5F6C /* Sources */ = {
			isa = PBXSourcesBuildPhase;
			buildActionMask = 2147483647;
			files = (
				02E1754A277E4D2300EFDB01 /* SettingsView.swift in Sources */,
				02DAA10127711836006A5F6C /* ContentView.swift in Sources */,
				02DAA13027712E25006A5F6C /* Card.swift in Sources */,
				02DAA13427713005006A5F6C /* CardListView.swift in Sources */,
				02DAA0FF27711836006A5F6C /* StudyCardsApp.swift in Sources */,
				0247433F2771384D00933EEE /* CardListViewModel.swift in Sources */,
				02DAA138277130D5006A5F6C /* CardView.swift in Sources */,
				0247433D2771366B00933EEE /* CardRepository.swift in Sources */,
				02DAA13627713074006A5F6C /* NewCardForm.swift in Sources */,
				0247434127713E8300933EEE /* CardViewModel.swift in Sources */,
				0247434327725AD900933EEE /* AuthenticationService.swift in Sources */,
				024743592773DE9000933EEE /* WidgetCards.intentdefinition in Sources */,
				0247436B277BF8FB00933EEE /* Constants.swift in Sources */,
				02474369277A6B5600933EEE /* CardCell.swift in Sources */,
				024743462773DAE300933EEE /* Secrets.swift in Sources */,
				02E1754C277E4D3300EFDB01 /* SettingsViewModel.swift in Sources */,
			);
			runOnlyForDeploymentPostprocessing = 0;
		};
/* End PBXSourcesBuildPhase section */

/* Begin PBXTargetDependency section */
		0247435B2773DE9000933EEE /* PBXTargetDependency */ = {
			isa = PBXTargetDependency;
			target = 0247434A2773DE8E00933EEE /* WidgetCardsExtension */;
			targetProxy = 0247435A2773DE9000933EEE /* PBXContainerItemProxy */;
		};
/* End PBXTargetDependency section */

/* Begin XCBuildConfiguration section */
		0247435E2773DE9000933EEE /* Debug */ = {
			isa = XCBuildConfiguration;
			buildSettings = {
				ASSETCATALOG_COMPILER_GLOBAL_ACCENT_COLOR_NAME = AccentColor;
				ASSETCATALOG_COMPILER_WIDGET_BACKGROUND_COLOR_NAME = WidgetBackground;
				CODE_SIGN_ENTITLEMENTS = WidgetCardsExtension.entitlements;
				CODE_SIGN_STYLE = Automatic;
				CURRENT_PROJECT_VERSION = 1;
				DEVELOPMENT_TEAM = 277X6YU6QD;
				GENERATE_INFOPLIST_FILE = YES;
				INFOPLIST_FILE = WidgetCards/Info.plist;
				INFOPLIST_KEY_CFBundleDisplayName = WidgetCards;
				INFOPLIST_KEY_NSHumanReadableCopyright = "";
				LD_RUNPATH_SEARCH_PATHS = (
					"$(inherited)",
					"@executable_path/Frameworks",
					"@executable_path/../../Frameworks",
				);
				MARKETING_VERSION = 1.0;
				PRODUCT_BUNDLE_IDENTIFIER = com.sourselabs.StudyCards.WidgetCards;
				PRODUCT_NAME = "$(TARGET_NAME)";
				SKIP_INSTALL = YES;
				SWIFT_EMIT_LOC_STRINGS = YES;
				SWIFT_VERSION = 5.0;
				TARGETED_DEVICE_FAMILY = "1,2";
			};
			name = Debug;
		};
		0247435F2773DE9000933EEE /* Release */ = {
			isa = XCBuildConfiguration;
			buildSettings = {
				ASSETCATALOG_COMPILER_GLOBAL_ACCENT_COLOR_NAME = AccentColor;
				ASSETCATALOG_COMPILER_WIDGET_BACKGROUND_COLOR_NAME = WidgetBackground;
				CODE_SIGN_ENTITLEMENTS = WidgetCardsExtension.entitlements;
				CODE_SIGN_STYLE = Automatic;
				CURRENT_PROJECT_VERSION = 1;
				DEVELOPMENT_TEAM = 277X6YU6QD;
				GENERATE_INFOPLIST_FILE = YES;
				INFOPLIST_FILE = WidgetCards/Info.plist;
				INFOPLIST_KEY_CFBundleDisplayName = WidgetCards;
				INFOPLIST_KEY_NSHumanReadableCopyright = "";
				LD_RUNPATH_SEARCH_PATHS = (
					"$(inherited)",
					"@executable_path/Frameworks",
					"@executable_path/../../Frameworks",
				);
				MARKETING_VERSION = 1.0;
				PRODUCT_BUNDLE_IDENTIFIER = com.sourselabs.StudyCards.WidgetCards;
				PRODUCT_NAME = "$(TARGET_NAME)";
				SKIP_INSTALL = YES;
				SWIFT_EMIT_LOC_STRINGS = YES;
				SWIFT_VERSION = 5.0;
				TARGETED_DEVICE_FAMILY = "1,2";
			};
			name = Release;
		};
		02DAA10727711837006A5F6C /* Debug */ = {
			isa = XCBuildConfiguration;
			buildSettings = {
				ALWAYS_SEARCH_USER_PATHS = NO;
				CLANG_ANALYZER_NONNULL = YES;
				CLANG_ANALYZER_NUMBER_OBJECT_CONVERSION = YES_AGGRESSIVE;
				CLANG_CXX_LANGUAGE_STANDARD = "gnu++17";
				CLANG_CXX_LIBRARY = "libc++";
				CLANG_ENABLE_MODULES = YES;
				CLANG_ENABLE_OBJC_ARC = YES;
				CLANG_ENABLE_OBJC_WEAK = YES;
				CLANG_WARN_BLOCK_CAPTURE_AUTORELEASING = YES;
				CLANG_WARN_BOOL_CONVERSION = YES;
				CLANG_WARN_COMMA = YES;
				CLANG_WARN_CONSTANT_CONVERSION = YES;
				CLANG_WARN_DEPRECATED_OBJC_IMPLEMENTATIONS = YES;
				CLANG_WARN_DIRECT_OBJC_ISA_USAGE = YES_ERROR;
				CLANG_WARN_DOCUMENTATION_COMMENTS = YES;
				CLANG_WARN_EMPTY_BODY = YES;
				CLANG_WARN_ENUM_CONVERSION = YES;
				CLANG_WARN_INFINITE_RECURSION = YES;
				CLANG_WARN_INT_CONVERSION = YES;
				CLANG_WARN_NON_LITERAL_NULL_CONVERSION = YES;
				CLANG_WARN_OBJC_IMPLICIT_RETAIN_SELF = YES;
				CLANG_WARN_OBJC_LITERAL_CONVERSION = YES;
				CLANG_WARN_OBJC_ROOT_CLASS = YES_ERROR;
				CLANG_WARN_QUOTED_INCLUDE_IN_FRAMEWORK_HEADER = YES;
				CLANG_WARN_RANGE_LOOP_ANALYSIS = YES;
				CLANG_WARN_STRICT_PROTOTYPES = YES;
				CLANG_WARN_SUSPICIOUS_MOVE = YES;
				CLANG_WARN_UNGUARDED_AVAILABILITY = YES_AGGRESSIVE;
				CLANG_WARN_UNREACHABLE_CODE = YES;
				CLANG_WARN__DUPLICATE_METHOD_MATCH = YES;
				COPY_PHASE_STRIP = NO;
				DEBUG_INFORMATION_FORMAT = dwarf;
				ENABLE_STRICT_OBJC_MSGSEND = YES;
				ENABLE_TESTABILITY = YES;
				GCC_C_LANGUAGE_STANDARD = gnu11;
				GCC_DYNAMIC_NO_PIC = NO;
				GCC_NO_COMMON_BLOCKS = YES;
				GCC_OPTIMIZATION_LEVEL = 0;
				GCC_PREPROCESSOR_DEFINITIONS = (
					"DEBUG=1",
					"$(inherited)",
				);
				GCC_WARN_64_TO_32_BIT_CONVERSION = YES;
				GCC_WARN_ABOUT_RETURN_TYPE = YES_ERROR;
				GCC_WARN_UNDECLARED_SELECTOR = YES;
				GCC_WARN_UNINITIALIZED_AUTOS = YES_AGGRESSIVE;
				GCC_WARN_UNUSED_FUNCTION = YES;
				GCC_WARN_UNUSED_VARIABLE = YES;
				IPHONEOS_DEPLOYMENT_TARGET = 15.2;
				MTL_ENABLE_DEBUG_INFO = INCLUDE_SOURCE;
				MTL_FAST_MATH = YES;
				ONLY_ACTIVE_ARCH = YES;
				SDKROOT = iphoneos;
				SWIFT_ACTIVE_COMPILATION_CONDITIONS = DEBUG;
				SWIFT_OPTIMIZATION_LEVEL = "-Onone";
			};
			name = Debug;
		};
		02DAA10827711837006A5F6C /* Release */ = {
			isa = XCBuildConfiguration;
			buildSettings = {
				ALWAYS_SEARCH_USER_PATHS = NO;
				CLANG_ANALYZER_NONNULL = YES;
				CLANG_ANALYZER_NUMBER_OBJECT_CONVERSION = YES_AGGRESSIVE;
				CLANG_CXX_LANGUAGE_STANDARD = "gnu++17";
				CLANG_CXX_LIBRARY = "libc++";
				CLANG_ENABLE_MODULES = YES;
				CLANG_ENABLE_OBJC_ARC = YES;
				CLANG_ENABLE_OBJC_WEAK = YES;
				CLANG_WARN_BLOCK_CAPTURE_AUTORELEASING = YES;
				CLANG_WARN_BOOL_CONVERSION = YES;
				CLANG_WARN_COMMA = YES;
				CLANG_WARN_CONSTANT_CONVERSION = YES;
				CLANG_WARN_DEPRECATED_OBJC_IMPLEMENTATIONS = YES;
				CLANG_WARN_DIRECT_OBJC_ISA_USAGE = YES_ERROR;
				CLANG_WARN_DOCUMENTATION_COMMENTS = YES;
				CLANG_WARN_EMPTY_BODY = YES;
				CLANG_WARN_ENUM_CONVERSION = YES;
				CLANG_WARN_INFINITE_RECURSION = YES;
				CLANG_WARN_INT_CONVERSION = YES;
				CLANG_WARN_NON_LITERAL_NULL_CONVERSION = YES;
				CLANG_WARN_OBJC_IMPLICIT_RETAIN_SELF = YES;
				CLANG_WARN_OBJC_LITERAL_CONVERSION = YES;
				CLANG_WARN_OBJC_ROOT_CLASS = YES_ERROR;
				CLANG_WARN_QUOTED_INCLUDE_IN_FRAMEWORK_HEADER = YES;
				CLANG_WARN_RANGE_LOOP_ANALYSIS = YES;
				CLANG_WARN_STRICT_PROTOTYPES = YES;
				CLANG_WARN_SUSPICIOUS_MOVE = YES;
				CLANG_WARN_UNGUARDED_AVAILABILITY = YES_AGGRESSIVE;
				CLANG_WARN_UNREACHABLE_CODE = YES;
				CLANG_WARN__DUPLICATE_METHOD_MATCH = YES;
				COPY_PHASE_STRIP = NO;
				DEBUG_INFORMATION_FORMAT = "dwarf-with-dsym";
				ENABLE_NS_ASSERTIONS = NO;
				ENABLE_STRICT_OBJC_MSGSEND = YES;
				GCC_C_LANGUAGE_STANDARD = gnu11;
				GCC_NO_COMMON_BLOCKS = YES;
				GCC_WARN_64_TO_32_BIT_CONVERSION = YES;
				GCC_WARN_ABOUT_RETURN_TYPE = YES_ERROR;
				GCC_WARN_UNDECLARED_SELECTOR = YES;
				GCC_WARN_UNINITIALIZED_AUTOS = YES_AGGRESSIVE;
				GCC_WARN_UNUSED_FUNCTION = YES;
				GCC_WARN_UNUSED_VARIABLE = YES;
				IPHONEOS_DEPLOYMENT_TARGET = 15.2;
				MTL_ENABLE_DEBUG_INFO = NO;
				MTL_FAST_MATH = YES;
				SDKROOT = iphoneos;
				SWIFT_COMPILATION_MODE = wholemodule;
				SWIFT_OPTIMIZATION_LEVEL = "-O";
				VALIDATE_PRODUCT = YES;
			};
			name = Release;
		};
		02DAA10A27711837006A5F6C /* Debug */ = {
			isa = XCBuildConfiguration;
			buildSettings = {
				ALWAYS_EMBED_SWIFT_STANDARD_LIBRARIES = YES;
				ASSETCATALOG_COMPILER_APPICON_NAME = AppIcon;
				ASSETCATALOG_COMPILER_GLOBAL_ACCENT_COLOR_NAME = AccentColor;
				CODE_SIGN_ENTITLEMENTS = StudyCards/StudyCards.entitlements;
				CODE_SIGN_STYLE = Automatic;
				CURRENT_PROJECT_VERSION = 1;
				DEVELOPMENT_ASSET_PATHS = "\"StudyCards/Preview Content\"";
				DEVELOPMENT_TEAM = 277X6YU6QD;
				ENABLE_PREVIEWS = YES;
				GENERATE_INFOPLIST_FILE = YES;
				INFOPLIST_KEY_UIApplicationSceneManifest_Generation = YES;
				INFOPLIST_KEY_UIApplicationSupportsIndirectInputEvents = YES;
				INFOPLIST_KEY_UILaunchScreen_Generation = YES;
				INFOPLIST_KEY_UISupportedInterfaceOrientations_iPad = "UIInterfaceOrientationPortrait UIInterfaceOrientationPortraitUpsideDown UIInterfaceOrientationLandscapeLeft UIInterfaceOrientationLandscapeRight";
				INFOPLIST_KEY_UISupportedInterfaceOrientations_iPhone = "UIInterfaceOrientationPortrait UIInterfaceOrientationLandscapeLeft UIInterfaceOrientationLandscapeRight";
				LD_RUNPATH_SEARCH_PATHS = (
					"$(inherited)",
					"@executable_path/Frameworks",
				);
				MARKETING_VERSION = 1.0;
				PRODUCT_BUNDLE_IDENTIFIER = com.sourselabs.StudyCards;
				PRODUCT_NAME = "$(TARGET_NAME)";
				SWIFT_EMIT_LOC_STRINGS = YES;
				SWIFT_VERSION = 5.0;
				TARGETED_DEVICE_FAMILY = "1,2";
			};
			name = Debug;
		};
		02DAA10B27711837006A5F6C /* Release */ = {
			isa = XCBuildConfiguration;
			buildSettings = {
				ALWAYS_EMBED_SWIFT_STANDARD_LIBRARIES = YES;
				ASSETCATALOG_COMPILER_APPICON_NAME = AppIcon;
				ASSETCATALOG_COMPILER_GLOBAL_ACCENT_COLOR_NAME = AccentColor;
				CODE_SIGN_ENTITLEMENTS = StudyCards/StudyCards.entitlements;
				CODE_SIGN_STYLE = Automatic;
				CURRENT_PROJECT_VERSION = 1;
				DEVELOPMENT_ASSET_PATHS = "\"StudyCards/Preview Content\"";
				DEVELOPMENT_TEAM = 277X6YU6QD;
				ENABLE_PREVIEWS = YES;
				GENERATE_INFOPLIST_FILE = YES;
				INFOPLIST_KEY_UIApplicationSceneManifest_Generation = YES;
				INFOPLIST_KEY_UIApplicationSupportsIndirectInputEvents = YES;
				INFOPLIST_KEY_UILaunchScreen_Generation = YES;
				INFOPLIST_KEY_UISupportedInterfaceOrientations_iPad = "UIInterfaceOrientationPortrait UIInterfaceOrientationPortraitUpsideDown UIInterfaceOrientationLandscapeLeft UIInterfaceOrientationLandscapeRight";
				INFOPLIST_KEY_UISupportedInterfaceOrientations_iPhone = "UIInterfaceOrientationPortrait UIInterfaceOrientationLandscapeLeft UIInterfaceOrientationLandscapeRight";
				LD_RUNPATH_SEARCH_PATHS = (
					"$(inherited)",
					"@executable_path/Frameworks",
				);
				MARKETING_VERSION = 1.0;
				PRODUCT_BUNDLE_IDENTIFIER = com.sourselabs.StudyCards;
				PRODUCT_NAME = "$(TARGET_NAME)";
				SWIFT_EMIT_LOC_STRINGS = YES;
				SWIFT_VERSION = 5.0;
				TARGETED_DEVICE_FAMILY = "1,2";
			};
			name = Release;
		};
/* End XCBuildConfiguration section */

/* Begin XCConfigurationList section */
		0247435D2773DE9000933EEE /* Build configuration list for PBXNativeTarget "WidgetCardsExtension" */ = {
			isa = XCConfigurationList;
			buildConfigurations = (
				0247435E2773DE9000933EEE /* Debug */,
				0247435F2773DE9000933EEE /* Release */,
			);
			defaultConfigurationIsVisible = 0;
			defaultConfigurationName = Release;
		};
		02DAA0F627711836006A5F6C /* Build configuration list for PBXProject "StudyCards" */ = {
			isa = XCConfigurationList;
			buildConfigurations = (
				02DAA10727711837006A5F6C /* Debug */,
				02DAA10827711837006A5F6C /* Release */,
			);
			defaultConfigurationIsVisible = 0;
			defaultConfigurationName = Release;
		};
		02DAA10927711837006A5F6C /* Build configuration list for PBXNativeTarget "StudyCards" */ = {
			isa = XCConfigurationList;
			buildConfigurations = (
				02DAA10A27711837006A5F6C /* Debug */,
				02DAA10B27711837006A5F6C /* Release */,
			);
			defaultConfigurationIsVisible = 0;
			defaultConfigurationName = Release;
		};
/* End XCConfigurationList section */

/* Begin XCRemoteSwiftPackageReference section */
		02DAA11027712035006A5F6C /* XCRemoteSwiftPackageReference "firebase-ios-sdk" */ = {
			isa = XCRemoteSwiftPackageReference;
			repositoryURL = "https://github.com/firebase/firebase-ios-sdk.git";
			requirement = {
				branch = master;
				kind = branch;
			};
		};
/* End XCRemoteSwiftPackageReference section */

/* Begin XCSwiftPackageProductDependency section */
		024743622773E20B00933EEE /* FirebaseAuth */ = {
			isa = XCSwiftPackageProductDependency;
			package = 02DAA11027712035006A5F6C /* XCRemoteSwiftPackageReference "firebase-ios-sdk" */;
			productName = FirebaseAuth;
		};
		024743642773E20B00933EEE /* FirebaseFirestore */ = {
			isa = XCSwiftPackageProductDependency;
			package = 02DAA11027712035006A5F6C /* XCRemoteSwiftPackageReference "firebase-ios-sdk" */;
			productName = FirebaseFirestore;
		};
		02DAA11127712035006A5F6C /* FirebaseAnalytics */ = {
			isa = XCSwiftPackageProductDependency;
			package = 02DAA11027712035006A5F6C /* XCRemoteSwiftPackageReference "firebase-ios-sdk" */;
			productName = FirebaseAnalytics;
		};
		02DAA11327712035006A5F6C /* FirebaseAuth */ = {
			isa = XCSwiftPackageProductDependency;
			package = 02DAA11027712035006A5F6C /* XCRemoteSwiftPackageReference "firebase-ios-sdk" */;
			productName = FirebaseAuth;
		};
		02DAA11527712035006A5F6C /* FirebaseAuthCombine-Community */ = {
			isa = XCSwiftPackageProductDependency;
			package = 02DAA11027712035006A5F6C /* XCRemoteSwiftPackageReference "firebase-ios-sdk" */;
			productName = "FirebaseAuthCombine-Community";
		};
		02DAA11727712035006A5F6C /* FirebaseDatabase */ = {
			isa = XCSwiftPackageProductDependency;
			package = 02DAA11027712035006A5F6C /* XCRemoteSwiftPackageReference "firebase-ios-sdk" */;
			productName = FirebaseDatabase;
		};
		02DAA11927712035006A5F6C /* FirebaseDatabaseSwift-Beta */ = {
			isa = XCSwiftPackageProductDependency;
			package = 02DAA11027712035006A5F6C /* XCRemoteSwiftPackageReference "firebase-ios-sdk" */;
			productName = "FirebaseDatabaseSwift-Beta";
		};
		02DAA11B27712035006A5F6C /* FirebaseFirestore */ = {
			isa = XCSwiftPackageProductDependency;
			package = 02DAA11027712035006A5F6C /* XCRemoteSwiftPackageReference "firebase-ios-sdk" */;
			productName = FirebaseFirestore;
		};
		02DAA11D27712035006A5F6C /* FirebaseFirestoreSwift-Beta */ = {
			isa = XCSwiftPackageProductDependency;
			package = 02DAA11027712035006A5F6C /* XCRemoteSwiftPackageReference "firebase-ios-sdk" */;
			productName = "FirebaseFirestoreSwift-Beta";
		};
		02DAA11F27712035006A5F6C /* FirebaseStorage */ = {
			isa = XCSwiftPackageProductDependency;
			package = 02DAA11027712035006A5F6C /* XCRemoteSwiftPackageReference "firebase-ios-sdk" */;
			productName = FirebaseStorage;
		};
		02DAA12127712035006A5F6C /* FirebaseStorageCombine-Community */ = {
			isa = XCSwiftPackageProductDependency;
			package = 02DAA11027712035006A5F6C /* XCRemoteSwiftPackageReference "firebase-ios-sdk" */;
			productName = "FirebaseStorageCombine-Community";
		};
		02DAA12327712035006A5F6C /* FirebaseStorageSwift-Beta */ = {
			isa = XCSwiftPackageProductDependency;
			package = 02DAA11027712035006A5F6C /* XCRemoteSwiftPackageReference "firebase-ios-sdk" */;
			productName = "FirebaseStorageSwift-Beta";
		};
/* End XCSwiftPackageProductDependency section */
	};
	rootObject = 02DAA0F327711836006A5F6C /* Project object */;
}
